
Microsoft Visual Studio Solution File, Format Version 12.00
# Visual Studio Version 17
VisualStudioVersion = 17.2.32630.192
MinimumVisualStudioVersion = 10.0.40219.1
Project("{9A19103F-16F7-4668-BE54-9A1E7A4F7556}") = "Auction House", "Assignment 2\Auction House.csproj", "{BCDE11C9-588B-49F3-8E20-B869F99A97E5}"
EndProject
Global
	GlobalSection(SolutionConfigurationPlatforms) = preSolution
		Debug|Any CPU = Debug|Any CPU
		Release|Any CPU = Release|Any CPU
	EndGlobalSection
	GlobalSection(ProjectConfigurationPlatforms) = postSolution
		{BCDE11C9-588B-49F3-8E20-B869F99A97E5}.Debug|Any CPU.ActiveCfg = Debug|Any CPU
		{BCDE11C9-588B-49F3-8E20-B869F99A97E5}.Debug|Any CPU.Build.0 = Debug|Any CPU
		{BCDE11C9-588B-49F3-8E20-B869F99A97E5}.Release|Any CPU.ActiveCfg = Release|Any CPU
		{BCDE11C9-588B-49F3-8E20-B869F99A97E5}.Release|Any CPU.Build.0 = Release|Any CPU
	EndGlobalSection
	GlobalSection(SolutionProperties) = preSolution
		HideSolutionNode = FALSE
	EndGlobalSection
	GlobalSection(ExtensibilityGlobals) = postSolution
		SolutionGuid = {3BBBB482-A64D-431F-9419-17804D8BBC3F}
	EndGlobalSection
EndGlobal
